<?xml version="1.0" encoding="UTF-8" standalone="yes" ?>
<CodeBlocks_project_file>
	<FileVersion major="1" minor="6" />
	<Project>
		<Option title="proyecto integrador" />
		<Option pch_mode="2" />
		<Option compiler="gcc" />
		<Build>
			<Target title="Debug">
				<Option output="bin/Debug/proyecto integrador" prefix_auto="1" extension_auto="1" />
				<Option object_output="obj/Debug/" />
				<Option type="1" />
				<Option compiler="gcc" />
				<Compiler>
					<Add option="-g" />
				</Compiler>
			</Target>
			<Target title="Release">
				<Option output="bin/Release/proyecto integrador" prefix_auto="1" extension_auto="1" />
				<Option object_output="obj/Release/" />
				<Option type="1" />
				<Option compiler="gcc" />
				<Compiler>
					<Add option="-O2" />
				</Compiler>
				<Linker>
					<Add option="-s" />
				</Linker>
			</Target>
		</Build>
		<Compiler>
			<Add option="-Wall" />
			<Add option="-fexceptions" />
		</Compiler>
		<Unit filename="Creditos.cpp" />
		<Unit filename="Creditos.h" />
		<Unit filename="EntreTurnos.cpp" />
		<Unit filename="EntreTurnos.h" />
		<Unit filename="PuntajeMaximo.cpp" />
		<Unit filename="PuntajeMaximo.h" />
		<Unit filename="combinaciones.cpp" />
		<Unit filename="combinaciones.h" />
		<Unit filename="disenioDados.cpp" />
		<Unit filename="disenioDados.h" />
		<Unit filename="main.cpp" />
		<Unit filename="puntaje.cpp" />
		<Unit filename="puntaje.h" />
		<Unit filename="rlutil.h" />
		<Unit filename="tiradas_dados.cpp" />
		<Unit filename="tiradas_dados.h" />
		<Extensions>
			<lib_finder disable_auto="1" />
		</Extensions>
	</Project>
</CodeBlocks_project_file>
